{
  "object": {
    "pins": [
      {
        "package": "Promissum",
        "repositoryURL": "https://github.com/tomlokhorst/Promissum",
        "state": {
          "branch": null,
          "revision": "453bd72c6580cd0fd3e28708eab3619ef19e3539",
          "version": "6.0.0"
        }
      }
    ]
  },
  "version": 1
}
